
Microsoft Visual Studio Solution File, Format Version 12.00
# Visual Studio Version 16
VisualStudioVersion = 16.0.29509.3
MinimumVisualStudioVersion = 10.0.40219.1
Project("{2150E333-8FDC-42A3-9474-1A3956D46DE8}") = "Presentation", "Presentation", "{F5BB3BFA-CD51-4270-AFE5-4BA6224E1408}"
EndProject
Project("{FAE04EC0-301F-11D3-BF4B-00C04F79EFBC}") = "ItDeveloper.CursoAspNetCore.Presentation", "src\ItDeveloper.CursoAspNetCore.Presentation\ItDeveloper.CursoAspNetCore.Presentation.csproj", "{74DA265B-AB32-4165-A0D3-BC7D71D93305}"
EndProject
Global
	GlobalSection(SolutionConfigurationPlatforms) = preSolution
		Debug|Any CPU = Debug|Any CPU
		Release|Any CPU = Release|Any CPU
	EndGlobalSection
	GlobalSection(ProjectConfigurationPlatforms) = postSolution
		{74DA265B-AB32-4165-A0D3-BC7D71D93305}.Debug|Any CPU.ActiveCfg = Debug|Any CPU
		{74DA265B-AB32-4165-A0D3-BC7D71D93305}.Debug|Any CPU.Build.0 = Debug|Any CPU
		{74DA265B-AB32-4165-A0D3-BC7D71D93305}.Release|Any CPU.ActiveCfg = Release|Any CPU
		{74DA265B-AB32-4165-A0D3-BC7D71D93305}.Release|Any CPU.Build.0 = Release|Any CPU
	EndGlobalSection
	GlobalSection(SolutionProperties) = preSolution
		HideSolutionNode = FALSE
	EndGlobalSection
	GlobalSection(NestedProjects) = preSolution
		{74DA265B-AB32-4165-A0D3-BC7D71D93305} = {F5BB3BFA-CD51-4270-AFE5-4BA6224E1408}
	EndGlobalSection
	GlobalSection(ExtensibilityGlobals) = postSolution
		SolutionGuid = {3A592F71-4E2F-4792-B499-5871E27EE80B}
	EndGlobalSection
EndGlobal
